
Microsoft Visual Studio Solution File, Format Version 12.00
# Visual Studio Version 17
VisualStudioVersion = 17.8.34408.163
MinimumVisualStudioVersion = 10.0.40219.1
Project("{FAE04EC0-301F-11D3-BF4B-00C04F79EFBC}") = "RoomCalculator", "RoomCalculator\RoomCalculator.csproj", "{F029C5F6-C5B7-4F44-ABF1-E07110BAB4AC}"
EndProject
Global
	GlobalSection(SolutionConfigurationPlatforms) = preSolution
		Debug|Any CPU = Debug|Any CPU
		Release|Any CPU = Release|Any CPU
	EndGlobalSection
	GlobalSection(ProjectConfigurationPlatforms) = postSolution
		{F029C5F6-C5B7-4F44-ABF1-E07110BAB4AC}.Debug|Any CPU.ActiveCfg = Debug|Any CPU
		{F029C5F6-C5B7-4F44-ABF1-E07110BAB4AC}.Debug|Any CPU.Build.0 = Debug|Any CPU
		{F029C5F6-C5B7-4F44-ABF1-E07110BAB4AC}.Release|Any CPU.ActiveCfg = Release|Any CPU
		{F029C5F6-C5B7-4F44-ABF1-E07110BAB4AC}.Release|Any CPU.Build.0 = Release|Any CPU
	EndGlobalSection
	GlobalSection(SolutionProperties) = preSolution
		HideSolutionNode = FALSE
	EndGlobalSection
	GlobalSection(ExtensibilityGlobals) = postSolution
		SolutionGuid = {BDEFC233-9845-4420-9653-8656713AB3EF}
	EndGlobalSection
EndGlobal
